dependencies:
  idf:
    source:
      type: idf
    version: 5.2.3
  protocol_examples_common:
    dependencies: []
    source:
      path: C:\Espressif\frameworks\v5.2.3\esp-idf\examples\common_components\protocol_examples_common
      type: local
    version: '*'
direct_dependencies:
- protocol_examples_common
manifest_hash: 9a9520c926aa0a3e6ab6efa4fb14c3591e654d3887543776c1f730f359b02661
target: esp32s2
version: 2.0.0
